
Microsoft Visual Studio Solution File, Format Version 12.00
# Visual Studio 15
VisualStudioVersion = 15.0.28307.757
MinimumVisualStudioVersion = 10.0.40219.1
Project("{FAE04EC0-301F-11D3-BF4B-00C04F79EFBC}") = "ApiQuickBooksDemo", "ApiQuickBooksDemo\ApiQuickBooksDemo.csproj", "{F77F4404-3884-4928-B544-79039A6B21B2}"
EndProject
Global
	GlobalSection(SolutionConfigurationPlatforms) = preSolution
		Debug|Any CPU = Debug|Any CPU
		Release|Any CPU = Release|Any CPU
	EndGlobalSection
	GlobalSection(ProjectConfigurationPlatforms) = postSolution
		{F77F4404-3884-4928-B544-79039A6B21B2}.Debug|Any CPU.ActiveCfg = Debug|Any CPU
		{F77F4404-3884-4928-B544-79039A6B21B2}.Debug|Any CPU.Build.0 = Debug|Any CPU
		{F77F4404-3884-4928-B544-79039A6B21B2}.Release|Any CPU.ActiveCfg = Release|Any CPU
		{F77F4404-3884-4928-B544-79039A6B21B2}.Release|Any CPU.Build.0 = Release|Any CPU
	EndGlobalSection
	GlobalSection(SolutionProperties) = preSolution
		HideSolutionNode = FALSE
	EndGlobalSection
	GlobalSection(ExtensibilityGlobals) = postSolution
		SolutionGuid = {54BD1AB1-CBD6-40E8-8977-8A07DF1C71D6}
	EndGlobalSection
EndGlobal
